
Microsoft Visual Studio Solution File, Format Version 12.00
# Visual Studio Version 17
VisualStudioVersion = 17.0.31903.59
MinimumVisualStudioVersion = 10.0.40219.1
Project("{FAE04EC0-301F-11D3-BF4B-00C04F79EFBC}") = "Peredent.Api", "Peredent.Api.csproj", "{1445AB72-70F0-4596-8554-3EE7F44B4D88}"
EndProject
Project("{2150E333-8FDC-42A3-9474-1A3956D46DE8}") = "Tests", "Tests", "{0AB3BF05-4346-4AA6-1389-037BE0695223}"
EndProject
Project("{FAE04EC0-301F-11D3-BF4B-00C04F79EFBC}") = "Peredent.Api.Tests", "Tests\Peredent.Api.Tests.csproj", "{4BBF0C04-9E5E-4AD4-B827-873D7AB7EDB2}"
EndProject
Global
	GlobalSection(SolutionConfigurationPlatforms) = preSolution
		Debug|Any CPU = Debug|Any CPU
		Debug|x64 = Debug|x64
		Debug|x86 = Debug|x86
		Release|Any CPU = Release|Any CPU
		Release|x64 = Release|x64
		Release|x86 = Release|x86
	EndGlobalSection
	GlobalSection(ProjectConfigurationPlatforms) = postSolution
		{1445AB72-70F0-4596-8554-3EE7F44B4D88}.Debug|Any CPU.ActiveCfg = Debug|Any CPU
		{1445AB72-70F0-4596-8554-3EE7F44B4D88}.Debug|Any CPU.Build.0 = Debug|Any CPU
		{1445AB72-70F0-4596-8554-3EE7F44B4D88}.Debug|x64.ActiveCfg = Debug|Any CPU
		{1445AB72-70F0-4596-8554-3EE7F44B4D88}.Debug|x64.Build.0 = Debug|Any CPU
		{1445AB72-70F0-4596-8554-3EE7F44B4D88}.Debug|x86.ActiveCfg = Debug|Any CPU
		{1445AB72-70F0-4596-8554-3EE7F44B4D88}.Debug|x86.Build.0 = Debug|Any CPU
		{1445AB72-70F0-4596-8554-3EE7F44B4D88}.Release|Any CPU.ActiveCfg = Release|Any CPU
		{1445AB72-70F0-4596-8554-3EE7F44B4D88}.Release|Any CPU.Build.0 = Release|Any CPU
		{1445AB72-70F0-4596-8554-3EE7F44B4D88}.Release|x64.ActiveCfg = Release|Any CPU
		{1445AB72-70F0-4596-8554-3EE7F44B4D88}.Release|x64.Build.0 = Release|Any CPU
		{1445AB72-70F0-4596-8554-3EE7F44B4D88}.Release|x86.ActiveCfg = Release|Any CPU
		{1445AB72-70F0-4596-8554-3EE7F44B4D88}.Release|x86.Build.0 = Release|Any CPU
		{4BBF0C04-9E5E-4AD4-B827-873D7AB7EDB2}.Debug|Any CPU.ActiveCfg = Debug|Any CPU
		{4BBF0C04-9E5E-4AD4-B827-873D7AB7EDB2}.Debug|Any CPU.Build.0 = Debug|Any CPU
		{4BBF0C04-9E5E-4AD4-B827-873D7AB7EDB2}.Debug|x64.ActiveCfg = Debug|Any CPU
		{4BBF0C04-9E5E-4AD4-B827-873D7AB7EDB2}.Debug|x64.Build.0 = Debug|Any CPU
		{4BBF0C04-9E5E-4AD4-B827-873D7AB7EDB2}.Debug|x86.ActiveCfg = Debug|Any CPU
		{4BBF0C04-9E5E-4AD4-B827-873D7AB7EDB2}.Debug|x86.Build.0 = Debug|Any CPU
		{4BBF0C04-9E5E-4AD4-B827-873D7AB7EDB2}.Release|Any CPU.ActiveCfg = Release|Any CPU
		{4BBF0C04-9E5E-4AD4-B827-873D7AB7EDB2}.Release|Any CPU.Build.0 = Release|Any CPU
		{4BBF0C04-9E5E-4AD4-B827-873D7AB7EDB2}.Release|x64.ActiveCfg = Release|Any CPU
		{4BBF0C04-9E5E-4AD4-B827-873D7AB7EDB2}.Release|x64.Build.0 = Release|Any CPU
		{4BBF0C04-9E5E-4AD4-B827-873D7AB7EDB2}.Release|x86.ActiveCfg = Release|Any CPU
		{4BBF0C04-9E5E-4AD4-B827-873D7AB7EDB2}.Release|x86.Build.0 = Release|Any CPU
	EndGlobalSection
	GlobalSection(SolutionProperties) = preSolution
		HideSolutionNode = FALSE
	EndGlobalSection
	GlobalSection(NestedProjects) = preSolution
		{4BBF0C04-9E5E-4AD4-B827-873D7AB7EDB2} = {0AB3BF05-4346-4AA6-1389-037BE0695223}
	EndGlobalSection
EndGlobal
